
Microsoft Visual Studio Solution File, Format Version 12.00
# Visual Studio Version 17
VisualStudioVersion = 17.14.36109.1 d17.14
MinimumVisualStudioVersion = 10.0.40219.1
Project("{FAE04EC0-301F-11D3-BF4B-00C04F79EFBC}") = "Event_Mangement_System_WebTech_Project", "Event_Mangement_System_WebTech_Project\Event_Mangement_System_WebTech_Project.csproj", "{0FC45579-F2D3-47E6-80AA-C32CBBAF07AE}"
EndProject
Global
	GlobalSection(SolutionConfigurationPlatforms) = preSolution
		Debug|Any CPU = Debug|Any CPU
		Release|Any CPU = Release|Any CPU
	EndGlobalSection
	GlobalSection(ProjectConfigurationPlatforms) = postSolution
		{0FC45579-F2D3-47E6-80AA-C32CBBAF07AE}.Debug|Any CPU.ActiveCfg = Debug|Any CPU
		{0FC45579-F2D3-47E6-80AA-C32CBBAF07AE}.Debug|Any CPU.Build.0 = Debug|Any CPU
		{0FC45579-F2D3-47E6-80AA-C32CBBAF07AE}.Release|Any CPU.ActiveCfg = Release|Any CPU
		{0FC45579-F2D3-47E6-80AA-C32CBBAF07AE}.Release|Any CPU.Build.0 = Release|Any CPU
	EndGlobalSection
	GlobalSection(SolutionProperties) = preSolution
		HideSolutionNode = FALSE
	EndGlobalSection
	GlobalSection(ExtensibilityGlobals) = postSolution
		SolutionGuid = {FCDC2D0E-8E36-4BBA-A09C-FED1C3B86AFC}
	EndGlobalSection
EndGlobal
